// !$*UTF8*$!
{
	archiveVersion = 1;
	classes = {
	};
	objectVersion = 50;
	objects = {

/* Begin PBXBuildFile section */
		8FA6193323960C0300788319 /* AppDelegate.m in Sources */ = {isa = PBXBuildFile; fileRef = 8FA6193223960C0300788319 /* AppDelegate.m */; };
		8FA6193C23960C0300788319 /* Main.storyboard in Resources */ = {isa = PBXBuildFile; fileRef = 8FA6193A23960C0300788319 /* Main.storyboard */; };
		8FA6193E23960C0600788319 /* Assets.xcassets in Resources */ = {isa = PBXBuildFile; fileRef = 8FA6193D23960C0600788319 /* Assets.xcassets */; };
		8FA6194123960C0600788319 /* LaunchScreen.storyboard in Resources */ = {isa = PBXBuildFile; fileRef = 8FA6193F23960C0600788319 /* LaunchScreen.storyboard */; };
		8FA6194423960C0600788319 /* main.m in Sources */ = {isa = PBXBuildFile; fileRef = 8FA6194323960C0600788319 /* main.m */; };
		8FA6195023960CC700788319 /* SPCanvasVC.m in Sources */ = {isa = PBXBuildFile; fileRef = 8FA6194B23960CC700788319 /* SPCanvasVC.m */; };
		8FA6195123960CC700788319 /* SPBezierPath.m in Sources */ = {isa = PBXBuildFile; fileRef = 8FA6194F23960CC700788319 /* SPBezierPath.m */; };
		8FA6195323960CE100788319 /* SPCanvas.m in Sources */ = {isa = PBXBuildFile; fileRef = 8FA6195223960CE100788319 /* SPCanvas.m */; };
/* End PBXBuildFile section */

/* Begin PBXFileReference section */
		8FA6192E23960C0300788319 /* SPCanvasDemo.app */ = {isa = PBXFileReference; explicitFileType = wrapper.application; includeInIndex = 0; path = SPCanvasDemo.app; sourceTree = BUILT_PRODUCTS_DIR; };
		8FA6193123960C0300788319 /* AppDelegate.h */ = {isa = PBXFileReference; lastKnownFileType = sourcecode.c.h; path = AppDelegate.h; sourceTree = "<group>"; };
		8FA6193223960C0300788319 /* AppDelegate.m */ = {isa = PBXFileReference; lastKnownFileType = sourcecode.c.objc; path = AppDelegate.m; sourceTree = "<group>"; };
		8FA6193B23960C0300788319 /* Base */ = {isa = PBXFileReference; lastKnownFileType = file.storyboard; name = Base; path = Base.lproj/Main.storyboard; sourceTree = "<group>"; };
		8FA6193D23960C0600788319 /* Assets.xcassets */ = {isa = PBXFileReference; lastKnownFileType = folder.assetcatalog; path = Assets.xcassets; sourceTree = "<group>"; };
		8FA6194023960C0600788319 /* Base */ = {isa = PBXFileReference; lastKnownFileType = file.storyboard; name = Base; path = Base.lproj/LaunchScreen.storyboard; sourceTree = "<group>"; };
		8FA6194223960C0600788319 /* Info.plist */ = {isa = PBXFileReference; lastKnownFileType = text.plist.xml; path = Info.plist; sourceTree = "<group>"; };
		8FA6194323960C0600788319 /* main.m */ = {isa = PBXFileReference; lastKnownFileType = sourcecode.c.objc; path = main.m; sourceTree = "<group>"; };
		8FA6194B23960CC700788319 /* SPCanvasVC.m */ = {isa = PBXFileReference; fileEncoding = 4; lastKnownFileType = sourcecode.c.objc; path = SPCanvasVC.m; sourceTree = "<group>"; };
		8FA6194C23960CC700788319 /* SPBezierPath.h */ = {isa = PBXFileReference; fileEncoding = 4; lastKnownFileType = sourcecode.c.h; path = SPBezierPath.h; sourceTree = "<group>"; };
		8FA6194D23960CC700788319 /* SPCanvas.h */ = {isa = PBXFileReference; fileEncoding = 4; lastKnownFileType = sourcecode.c.h; path = SPCanvas.h; sourceTree = "<group>"; };
		8FA6194E23960CC700788319 /* SPCanvasVC.h */ = {isa = PBXFileReference; fileEncoding = 4; lastKnownFileType = sourcecode.c.h; path = SPCanvasVC.h; sourceTree = "<group>"; };
		8FA6194F23960CC700788319 /* SPBezierPath.m */ = {isa = PBXFileReference; fileEncoding = 4; lastKnownFileType = sourcecode.c.objc; path = SPBezierPath.m; sourceTree = "<group>"; };
		8FA6195223960CE100788319 /* SPCanvas.m */ = {isa = PBXFileReference; fileEncoding = 4; lastKnownFileType = sourcecode.c.objc; path = SPCanvas.m; sourceTree = "<group>"; };
/* End PBXFileReference section */

/* Begin PBXFrameworksBuildPhase section */
		8FA6192B23960C0300788319 /* Frameworks */ = {
			isa = PBXFrameworksBuildPhase;
			buildActionMask = 2147483647;
			files = (
			);
			runOnlyForDeploymentPostprocessing = 0;
		};
/* End PBXFrameworksBuildPhase section */

/* Begin PBXGroup section */
		8FA6192523960C0300788319 = {
			isa = PBXGroup;
			children = (
				8FA6193023960C0300788319 /* SPCanvasDemo */,
				8FA6192F23960C0300788319 /* Products */,
			);
			sourceTree = "<group>";
		};
		8FA6192F23960C0300788319 /* Products */ = {
			isa = PBXGroup;
			children = (
				8FA6192E23960C0300788319 /* SPCanvasDemo.app */,
			);
			name = Products;
			sourceTree = "<group>";
		};
		8FA6193023960C0300788319 /* SPCanvasDemo */ = {
			isa = PBXGroup;
			children = (
				8FA6194A23960CC700788319 /* SPCanvas */,
				8FA6193123960C0300788319 /* AppDelegate.h */,
				8FA6193223960C0300788319 /* AppDelegate.m */,
				8FA6193A23960C0300788319 /* Main.storyboard */,
				8FA6193D23960C0600788319 /* Assets.xcassets */,
				8FA6193F23960C0600788319 /* LaunchScreen.storyboard */,
				8FA6194223960C0600788319 /* Info.plist */,
				8FA6194323960C0600788319 /* main.m */,
			);
			path = SPCanvasDemo;
			sourceTree = "<group>";
		};
		8FA6194A23960CC700788319 /* SPCanvas */ = {
			isa = PBXGroup;
			children = (
				8FA6194E23960CC700788319 /* SPCanvasVC.h */,
				8FA6194B23960CC700788319 /* SPCanvasVC.m */,
				8FA6194D23960CC700788319 /* SPCanvas.h */,
				8FA6195223960CE100788319 /* SPCanvas.m */,
				8FA6194C23960CC700788319 /* SPBezierPath.h */,
				8FA6194F23960CC700788319 /* SPBezierPath.m */,
			);
			path = SPCanvas;
			sourceTree = "<group>";
		};
/* End PBXGroup section */

/* Begin PBXNativeTarget section */
		8FA6192D23960C0300788319 /* SPCanvasDemo */ = {
			isa = PBXNativeTarget;
			buildConfigurationList = 8FA6194723960C0600788319 /* Build configuration list for PBXNativeTarget "SPCanvasDemo" */;
			buildPhases = (
				8FA6192A23960C0300788319 /* Sources */,
				8FA6192B23960C0300788319 /* Frameworks */,
				8FA6192C23960C0300788319 /* Resources */,
			);
			buildRules = (
			);
			dependencies = (
			);
			name = SPCanvasDemo;
			productName = SPCanvasDemo;
			productReference = 8FA6192E23960C0300788319 /* SPCanvasDemo.app */;
			productType = "com.apple.product-type.application";
		};
/* End PBXNativeTarget section */

/* Begin PBXProject section */
		8FA6192623960C0300788319 /* Project object */ = {
			isa = PBXProject;
			attributes = {
				LastUpgradeCheck = 1120;
				ORGANIZATIONNAME = "Super Y";
				TargetAttributes = {
					8FA6192D23960C0300788319 = {
						CreatedOnToolsVersion = 11.2.1;
					};
				};
			};
			buildConfigurationList = 8FA6192923960C0300788319 /* Build configuration list for PBXProject "SPCanvasDemo" */;
			compatibilityVersion = "Xcode 9.3";
			developmentRegion = en;
			hasScannedForEncodings = 0;
			knownRegions = (
				en,
				Base,
			);
			mainGroup = 8FA6192523960C0300788319;
			productRefGroup = 8FA6192F23960C0300788319 /* Products */;
			projectDirPath = "";
			projectRoot = "";
			targets = (
				8FA6192D23960C0300788319 /* SPCanvasDemo */,
			);
		};
/* End PBXProject section */

/* Begin PBXResourcesBuildPhase section */
		8FA6192C23960C0300788319 /* Resources */ = {
			isa = PBXResourcesBuildPhase;
			buildActionMask = 2147483647;
			files = (
				8FA6194123960C0600788319 /* LaunchScreen.storyboard in Resources */,
				8FA6193E23960C0600788319 /* Assets.xcassets in Resources */,
				8FA6193C23960C0300788319 /* Main.storyboard in Resources */,
			);
			runOnlyForDeploymentPostprocessing = 0;
		};
/* End PBXResourcesBuildPhase section */

/* Begin PBXSourcesBuildPhase section */
		8FA6192A23960C0300788319 /* Sources */ = {
			isa = PBXSourcesBuildPhase;
			buildActionMask = 2147483647;
			files = (
				8FA6195023960CC700788319 /* SPCanvasVC.m in Sources */,
				8FA6195323960CE100788319 /* SPCanvas.m in Sources */,
				8FA6193323960C0300788319 /* AppDelegate.m in Sources */,
				8FA6195123960CC700788319 /* SPBezierPath.m in Sources */,
				8FA6194423960C0600788319 /* main.m in Sources */,
			);
			runOnlyForDeploymentPostprocessing = 0;
		};
/* End PBXSourcesBuildPhase section */

/* Begin PBXVariantGroup section */
		8FA6193A23960C0300788319 /* Main.storyboard */ = {
			isa = PBXVariantGroup;
			children = (
				8FA6193B23960C0300788319 /* Base */,
			);
			name = Main.storyboard;
			sourceTree = "<group>";
		};
		8FA6193F23960C0600788319 /* LaunchScreen.storyboard */ = {
			isa = PBXVariantGroup;
			children = (
				8FA6194023960C0600788319 /* Base */,
			);
			name = LaunchScreen.storyboard;
			sourceTree = "<group>";
		};
/* End PBXVariantGroup section */

/* Begin XCBuildConfiguration section */
		8FA6194523960C0600788319 /* Debug */ = {
			isa = XCBuildConfiguration;
			buildSettings = {
				ALWAYS_SEARCH_USER_PATHS = NO;
				CLANG_ANALYZER_NONNULL = YES;
				CLANG_ANALYZER_NUMBER_OBJECT_CONVERSION = YES_AGGRESSIVE;
				CLANG_CXX_LANGUAGE_STANDARD = "gnu++14";
				CLANG_CXX_LIBRARY = "libc++";
				CLANG_ENABLE_MODULES = YES;
				CLANG_ENABLE_OBJC_ARC = YES;
				CLANG_ENABLE_OBJC_WEAK = YES;
				CLANG_WARN_BLOCK_CAPTURE_AUTORELEASING = YES;
				CLANG_WARN_BOOL_CONVERSION = YES;
				CLANG_WARN_COMMA = YES;
				CLANG_WARN_CONSTANT_CONVERSION = YES;
				CLANG_WARN_DEPRECATED_OBJC_IMPLEMENTATIONS = YES;
				CLANG_WARN_DIRECT_OBJC_ISA_USAGE = YES_ERROR;
				CLANG_WARN_DOCUMENTATION_COMMENTS = YES;
				CLANG_WARN_EMPTY_BODY = YES;
				CLANG_WARN_ENUM_CONVERSION = YES;
				CLANG_WARN_INFINITE_RECURSION = YES;
				CLANG_WARN_INT_CONVERSION = YES;
				CLANG_WARN_NON_LITERAL_NULL_CONVERSION = YES;
				CLANG_WARN_OBJC_IMPLICIT_RETAIN_SELF = YES;
				CLANG_WARN_OBJC_LITERAL_CONVERSION = YES;
				CLANG_WARN_OBJC_ROOT_CLASS = YES_ERROR;
				CLANG_WARN_RANGE_LOOP_ANALYSIS = YES;
				CLANG_WARN_STRICT_PROTOTYPES = YES;
				CLANG_WARN_SUSPICIOUS_MOVE = YES;
				CLANG_WARN_UNGUARDED_AVAILABILITY = YES_AGGRESSIVE;
				CLANG_WARN_UNREACHABLE_CODE = YES;
				CLANG_WARN__DUPLICATE_METHOD_MATCH = YES;
				COPY_PHASE_STRIP = NO;
				DEBUG_INFORMATION_FORMAT = dwarf;
				ENABLE_STRICT_OBJC_MSGSEND = YES;
				ENABLE_TESTABILITY = YES;
				GCC_C_LANGUAGE_STANDARD = gnu11;
				GCC_DYNAMIC_NO_PIC = NO;
				GCC_NO_COMMON_BLOCKS = YES;
				GCC_OPTIMIZATION_LEVEL = 0;
				GCC_PREPROCESSOR_DEFINITIONS = (
					"DEBUG=1",
					"$(inherited)",
				);
				GCC_WARN_64_TO_32_BIT_CONVERSION = YES;
				GCC_WARN_ABOUT_RETURN_TYPE = YES_ERROR;
				GCC_WARN_UNDECLARED_SELECTOR = YES;
				GCC_WARN_UNINITIALIZED_AUTOS = YES_AGGRESSIVE;
				GCC_WARN_UNUSED_FUNCTION = YES;
				GCC_WARN_UNUSED_VARIABLE = YES;
				IPHONEOS_DEPLOYMENT_TARGET = 9.0;
				MTL_ENABLE_DEBUG_INFO = INCLUDE_SOURCE;
				MTL_FAST_MATH = YES;
				ONLY_ACTIVE_ARCH = YES;
				SDKROOT = iphoneos;
			};
			name = Debug;
		};
		8FA6194623960C0600788319 /* Release */ = {
			isa = XCBuildConfiguration;
			buildSettings = {
				ALWAYS_SEARCH_USER_PATHS = NO;
				CLANG_ANALYZER_NONNULL = YES;
				CLANG_ANALYZER_NUMBER_OBJECT_CONVERSION = YES_AGGRESSIVE;
				CLANG_CXX_LANGUAGE_STANDARD = "gnu++14";
				CLANG_CXX_LIBRARY = "libc++";
				CLANG_ENABLE_MODULES = YES;
				CLANG_ENABLE_OBJC_ARC = YES;
				CLANG_ENABLE_OBJC_WEAK = YES;
				CLANG_WARN_BLOCK_CAPTURE_AUTORELEASING = YES;
				CLANG_WARN_BOOL_CONVERSION = YES;
				CLANG_WARN_COMMA = YES;
				CLANG_WARN_CONSTANT_CONVERSION = YES;
				CLANG_WARN_DEPRECATED_OBJC_IMPLEMENTATIONS = YES;
				CLANG_WARN_DIRECT_OBJC_ISA_USAGE = YES_ERROR;
				CLANG_WARN_DOCUMENTATION_COMMENTS = YES;
				CLANG_WARN_EMPTY_BODY = YES;
				CLANG_WARN_ENUM_CONVERSION = YES;
				CLANG_WARN_INFINITE_RECURSION = YES;
				CLANG_WARN_INT_CONVERSION = YES;
				CLANG_WARN_NON_LITERAL_NULL_CONVERSION = YES;
				CLANG_WARN_OBJC_IMPLICIT_RETAIN_SELF = YES;
				CLANG_WARN_OBJC_LITERAL_CONVERSION = YES;
				CLANG_WARN_OBJC_ROOT_CLASS = YES_ERROR;
				CLANG_WARN_RANGE_LOOP_ANALYSIS = YES;
				CLANG_WARN_STRICT_PROTOTYPES = YES;
				CLANG_WARN_SUSPICIOUS_MOVE = YES;
				CLANG_WARN_UNGUARDED_AVAILABILITY = YES_AGGRESSIVE;
				CLANG_WARN_UNREACHABLE_CODE = YES;
				CLANG_WARN__DUPLICATE_METHOD_MATCH = YES;
				COPY_PHASE_STRIP = NO;
				DEBUG_INFORMATION_FORMAT = "dwarf-with-dsym";
				ENABLE_NS_ASSERTIONS = NO;
				ENABLE_STRICT_OBJC_MSGSEND = YES;
				GCC_C_LANGUAGE_STANDARD = gnu11;
				GCC_NO_COMMON_BLOCKS = YES;
				GCC_WARN_64_TO_32_BIT_CONVERSION = YES;
				GCC_WARN_ABOUT_RETURN_TYPE = YES_ERROR;
				GCC_WARN_UNDECLARED_SELECTOR = YES;
				GCC_WARN_UNINITIALIZED_AUTOS = YES_AGGRESSIVE;
				GCC_WARN_UNUSED_FUNCTION = YES;
				GCC_WARN_UNUSED_VARIABLE = YES;
				IPHONEOS_DEPLOYMENT_TARGET = 9.0;
				MTL_ENABLE_DEBUG_INFO = NO;
				MTL_FAST_MATH = YES;
				SDKROOT = iphoneos;
				VALIDATE_PRODUCT = YES;
			};
			name = Release;
		};
		8FA6194823960C0600788319 /* Debug */ = {
			isa = XCBuildConfiguration;
			buildSettings = {
				ASSETCATALOG_COMPILER_APPICON_NAME = AppIcon;
				CODE_SIGN_STYLE = Automatic;
				DEVELOPMENT_TEAM = 86WPXA9A4C;
				INFOPLIST_FILE = SPCanvasDemo/Info.plist;
				LD_RUNPATH_SEARCH_PATHS = (
					"$(inherited)",
					"@executable_path/Frameworks",
				);
				PRODUCT_BUNDLE_IDENTIFIER = super.SPCanvasDemo;
				PRODUCT_NAME = "$(TARGET_NAME)";
				TARGETED_DEVICE_FAMILY = "1,2";
			};
			name = Debug;
		};
		8FA6194923960C0600788319 /* Release */ = {
			isa = XCBuildConfiguration;
			buildSettings = {
				ASSETCATALOG_COMPILER_APPICON_NAME = AppIcon;
				CODE_SIGN_STYLE = Automatic;
				DEVELOPMENT_TEAM = 86WPXA9A4C;
				INFOPLIST_FILE = SPCanvasDemo/Info.plist;
				LD_RUNPATH_SEARCH_PATHS = (
					"$(inherited)",
					"@executable_path/Frameworks",
				);
				PRODUCT_BUNDLE_IDENTIFIER = super.SPCanvasDemo;
				PRODUCT_NAME = "$(TARGET_NAME)";
				TARGETED_DEVICE_FAMILY = "1,2";
			};
			name = Release;
		};
/* End XCBuildConfiguration section */

/* Begin XCConfigurationList section */
		8FA6192923960C0300788319 /* Build configuration list for PBXProject "SPCanvasDemo" */ = {
			isa = XCConfigurationList;
			buildConfigurations = (
				8FA6194523960C0600788319 /* Debug */,
				8FA6194623960C0600788319 /* Release */,
			);
			defaultConfigurationIsVisible = 0;
			defaultConfigurationName = Release;
		};
		8FA6194723960C0600788319 /* Build configuration list for PBXNativeTarget "SPCanvasDemo" */ = {
			isa = XCConfigurationList;
			buildConfigurations = (
				8FA6194823960C0600788319 /* Debug */,
				8FA6194923960C0600788319 /* Release */,
			);
			defaultConfigurationIsVisible = 0;
			defaultConfigurationName = Release;
		};
/* End XCConfigurationList section */
	};
	rootObject = 8FA6192623960C0300788319 /* Project object */;
}
